{
  "requires": true,
  "lockfileVersion": 1,
  "dependencies": {
    "mobx": {
      "version": "6.1.5",
      "resolved": "https://registry.npmjs.org/mobx/-/mobx-6.1.5.tgz",
      "integrity": "sha512-BsVAHEk/Ty+6BmCis0CUvA7E9u5aJpUkdRM91YwBt4lVha4heDLjRT43z2pqENeFuVZPfA1RRaf7sRcqRB2i4Q=="
    },
    "mobx-react": {
      "version": "7.1.0",
      "resolved": "https://registry.npmjs.org/mobx-react/-/mobx-react-7.1.0.tgz",
      "integrity": "sha512-DxvA6VXmnZ+N9f/UTtolWtdRnAAQY2iHWTSPLktfpj8NKlXUe4dabBAjuXrBcZUM8GjLWnxD1ZEjssXq1M0RAw==",
      "requires": {
        "mobx-react-lite": "^3.2.0"
      }
    },
    "mobx-react-lite": {
      "version": "3.2.0",
      "resolved": "https://registry.npmjs.org/mobx-react-lite/-/mobx-react-lite-3.2.0.tgz",
      "integrity": "sha512-q5+UHIqYCOpBoFm/PElDuOhbcatvTllgRp3M1s+Hp5j0Z6XNgDbgqxawJ0ZAUEyKM8X1zs70PCuhAIzX1f4Q/g=="
    }
  }
}
